
Microsoft Visual Studio Solution File, Format Version 12.00
# Visual Studio Version 17
VisualStudioVersion = 17.8.34309.116
MinimumVisualStudioVersion = 10.0.40219.1
Project("{9A19103F-16F7-4668-BE54-9A1E7A4F7556}") = "bank_project", "bank_project\bank_project.csproj", "{ABEBF84D-306D-48C0-BF2E-F34F6C155B66}"
EndProject
Global
	GlobalSection(SolutionConfigurationPlatforms) = preSolution
		Debug|Any CPU = Debug|Any CPU
		Release|Any CPU = Release|Any CPU
	EndGlobalSection
	GlobalSection(ProjectConfigurationPlatforms) = postSolution
		{ABEBF84D-306D-48C0-BF2E-F34F6C155B66}.Debug|Any CPU.ActiveCfg = Debug|Any CPU
		{ABEBF84D-306D-48C0-BF2E-F34F6C155B66}.Debug|Any CPU.Build.0 = Debug|Any CPU
		{ABEBF84D-306D-48C0-BF2E-F34F6C155B66}.Release|Any CPU.ActiveCfg = Release|Any CPU
		{ABEBF84D-306D-48C0-BF2E-F34F6C155B66}.Release|Any CPU.Build.0 = Release|Any CPU
	EndGlobalSection
	GlobalSection(SolutionProperties) = preSolution
		HideSolutionNode = FALSE
	EndGlobalSection
	GlobalSection(ExtensibilityGlobals) = postSolution
		SolutionGuid = {67A06869-5A5E-4DC0-8001-B38C56021D2E}
	EndGlobalSection
EndGlobal
